
Microsoft Visual Studio Solution File, Format Version 12.00
# Visual Studio Version 17
VisualStudioVersion = 17.1.32421.90
MinimumVisualStudioVersion = 10.0.40219.1
Project("{FAE04EC0-301F-11D3-BF4B-00C04F79EFBC}") = "VideoLibraryWebApp", "VideoLibraryWebApp.csproj", "{53C2CFEA-72E3-496D-90FB-58D7D4094BD8}"
EndProject
Global
	GlobalSection(SolutionConfigurationPlatforms) = preSolution
		Debug|Any CPU = Debug|Any CPU
		Release|Any CPU = Release|Any CPU
	EndGlobalSection
	GlobalSection(ProjectConfigurationPlatforms) = postSolution
		{53C2CFEA-72E3-496D-90FB-58D7D4094BD8}.Debug|Any CPU.ActiveCfg = Debug|Any CPU
		{53C2CFEA-72E3-496D-90FB-58D7D4094BD8}.Debug|Any CPU.Build.0 = Debug|Any CPU
		{53C2CFEA-72E3-496D-90FB-58D7D4094BD8}.Release|Any CPU.ActiveCfg = Release|Any CPU
		{53C2CFEA-72E3-496D-90FB-58D7D4094BD8}.Release|Any CPU.Build.0 = Release|Any CPU
	EndGlobalSection
	GlobalSection(SolutionProperties) = preSolution
		HideSolutionNode = FALSE
	EndGlobalSection
	GlobalSection(ExtensibilityGlobals) = postSolution
		SolutionGuid = {0EA57274-5485-450C-9895-542DD4C45678}
	EndGlobalSection
EndGlobal
